{
  "nodes": {
    "agenix": {
      "inputs": {
        "nixpkgs": [
          "nixpkgs"
        ]
      },
      "locked": {
        "lastModified": 1648942457,
        "narHash": "sha256-i29Z1t3sVfCNfpp+KAfeExvpqHQSbLO1KWylTtfradU=",
        "owner": "ryantm",
        "repo": "agenix",
        "rev": "0d5e59ed645e4c7b60174bc6f6aac6a203dc0b01",
        "type": "github"
      },
      "original": {
        "owner": "ryantm",
        "repo": "agenix",
        "type": "github"
      }
    },
    "deploy-rs": {
      "inputs": {
        "flake-compat": "flake-compat",
        "nixpkgs": [
          "nixpkgs"
        ],
        "utils": "utils"
      },
      "locked": {
        "lastModified": 1648475189,
        "narHash": "sha256-gAGAS6IagwoUr1B0ohE3iR6sZ8hP4LSqzYLC8Mq3WGU=",
        "owner": "serokell",
        "repo": "deploy-rs",
        "rev": "83e0c78291cd08cb827ba0d553ad9158ae5a95c3",
        "type": "github"
      },
      "original": {
        "owner": "serokell",
        "repo": "deploy-rs",
        "type": "github"
      }
    },
    "fish-plugin-git": {
      "flake": false,
      "locked": {
        "lastModified": 1649293272,
        "narHash": "sha256-oPV2UKiHls2dx0ZiWG9TdO+eprXNtG5dPZzvSdtbXGI=",
        "owner": "jhillyerd",
        "repo": "plugin-git",
        "rev": "14b605f1d117bf04867f1909ac419351ce273042",
        "type": "github"
      },
      "original": {
        "owner": "jhillyerd",
        "repo": "plugin-git",
        "type": "github"
      }
    },
    "fish-prompt-pvsr": {
      "flake": false,
      "locked": {
        "lastModified": 1628976020,
        "narHash": "sha256-zlSeEXQf9AtsCCgzoWLhjY/5L502ZA0XaHQAx2kSvog=",
        "owner": "pvsr",
        "repo": "fish-prompt-pvsr",
        "rev": "dc2cbfc51ca435473e83270f4194d8c59fab9f88",
        "type": "github"
      },
      "original": {
        "owner": "pvsr",
        "repo": "fish-prompt-pvsr",
        "type": "github"
      }
    },
    "fish-z": {
      "flake": false,
      "locked": {
        "lastModified": 1649439817,
        "narHash": "sha256-+FUBM7CodtZrYKqU542fQD+ZDGrd2438trKM0tIESs0=",
        "owner": "jethrokuan",
        "repo": "z",
        "rev": "85f863f20f24faf675827fb00f3a4e15c7838d76",
        "type": "github"
      },
      "original": {
        "owner": "jethrokuan",
        "repo": "z",
        "type": "github"
      }
    },
    "flake-compat": {
      "flake": false,
      "locked": {
        "lastModified": 1648199409,
        "narHash": "sha256-JwPKdC2PoVBkG6E+eWw3j6BMR6sL3COpYWfif7RVb8Y=",
        "owner": "edolstra",
        "repo": "flake-compat",
        "rev": "64a525ee38886ab9028e6f61790de0832aa3ef03",
        "type": "github"
      },
      "original": {
        "owner": "edolstra",
        "repo": "flake-compat",
        "type": "github"
      }
    },
    "flake-utils": {
      "locked": {
        "lastModified": 1648297722,
        "narHash": "sha256-W+qlPsiZd8F3XkzXOzAoR+mpFqzm3ekQkJNa+PIh1BQ=",
        "owner": "numtide",
        "repo": "flake-utils",
        "rev": "0f8662f1319ad6abf89b3380dd2722369fc51ade",
        "type": "github"
      },
      "original": {
        "owner": "numtide",
        "repo": "flake-utils",
        "type": "github"
      }
    },
    "flake-utils_2": {
      "locked": {
        "lastModified": 1644229661,
        "narHash": "sha256-1YdnJAsNy69bpcjuoKdOYQX0YxZBiCYZo4Twxerqv7k=",
        "owner": "numtide",
        "repo": "flake-utils",
        "rev": "3cecb5b042f7f209c56ffd8371b2711a290ec797",
        "type": "github"
      },
      "original": {
        "owner": "numtide",
        "repo": "flake-utils",
        "type": "github"
      }
    },
    "home-manager": {
      "inputs": {
        "nixpkgs": [
          "nixpkgs"
        ]
      },
      "locked": {
        "lastModified": 1648834319,
        "narHash": "sha256-i5Aj4Aw64D/A0X6XW5LxSS4XBnYj7gMz+kN4dpsbdk8=",
        "owner": "nix-community",
        "repo": "home-manager",
        "rev": "0bdbdea2e26c984b096f4f7d10e3c88536a980b0",
        "type": "github"
      },
      "original": {
        "owner": "nix-community",
        "ref": "release-21.11",
        "repo": "home-manager",
        "type": "github"
      }
    },
    "nixos-hardware": {
      "locked": {
        "lastModified": 1649488242,
        "narHash": "sha256-GFahTvlMnqotZ8i1AO3J8OtVFrJe4QHcEPxpFH+DIEw=",
        "owner": "nixos",
        "repo": "nixos-hardware",
        "rev": "850308db3ef0bcc7454155063b5fec28b4ffbc8c",
        "type": "github"
      },
      "original": {
        "owner": "nixos",
        "repo": "nixos-hardware",
        "type": "github"
      }
    },
    "nixpkgs": {
      "locked": {
        "lastModified": 1649520755,
        "narHash": "sha256-OnE7Z7AGJkzxDBjRHUIvrGy5PE7JD6RGBMR//ZAErzU=",
        "owner": "nixos",
        "repo": "nixpkgs",
        "rev": "5c9771cd1b7e320e47e6575803d4959d171fc413",
        "type": "github"
      },
      "original": {
        "owner": "nixos",
        "ref": "release-21.11",
        "repo": "nixpkgs",
        "type": "github"
      }
    },
    "nvim-colorizer": {
      "flake": false,
      "locked": {
        "lastModified": 1591879145,
        "narHash": "sha256-6YrnItxExL2C8pNIdLd+hXCjsB2MbZANwWkah6dreD8=",
        "owner": "norcalli",
        "repo": "nvim-colorizer.lua",
        "rev": "36c610a9717cc9ec426a07c8e6bf3b3abcb139d6",
        "type": "github"
      },
      "original": {
        "owner": "norcalli",
        "repo": "nvim-colorizer.lua",
        "type": "github"
      }
    },
    "qbpm": {
      "inputs": {
        "flake-utils": "flake-utils",
        "nixpkgs": [
          "nixpkgs"
        ]
      },
      "locked": {
        "lastModified": 1645303576,
        "narHash": "sha256-TjMUrD5umMd6G0MXE316x0U8KNiyuMyGbYUxUaH22xs=",
        "owner": "pvsr",
        "repo": "qbpm",
        "rev": "2335471ab3fe8c257dae8424cc5bd5442f012752",
        "type": "github"
      },
      "original": {
        "owner": "pvsr",
        "repo": "qbpm",
        "type": "github"
      }
    },
    "root": {
      "inputs": {
        "agenix": "agenix",
        "deploy-rs": "deploy-rs",
        "fish-plugin-git": "fish-plugin-git",
        "fish-prompt-pvsr": "fish-prompt-pvsr",
        "fish-z": "fish-z",
        "home-manager": "home-manager",
        "nixos-hardware": "nixos-hardware",
        "nixpkgs": "nixpkgs",
        "nvim-colorizer": "nvim-colorizer",
        "qbpm": "qbpm",
        "srcery-tmux": "srcery-tmux",
        "utils": "utils_2"
      }
    },
    "srcery-tmux": {
      "flake": false,
      "locked": {
        "lastModified": 1601134224,
        "narHash": "sha256-1umBoB8pv/N6QZlS7uQedTwuCWab/JGKHcEyNrPpPEE=",
        "owner": "srcery-colors",
        "repo": "srcery-tmux",
        "rev": "531b4f9a260826b0a99ebd038a0d275ad0275e64",
        "type": "github"
      },
      "original": {
        "owner": "srcery-colors",
        "repo": "srcery-tmux",
        "type": "github"
      }
    },
    "utils": {
      "locked": {
        "lastModified": 1648297722,
        "narHash": "sha256-W+qlPsiZd8F3XkzXOzAoR+mpFqzm3ekQkJNa+PIh1BQ=",
        "owner": "numtide",
        "repo": "flake-utils",
        "rev": "0f8662f1319ad6abf89b3380dd2722369fc51ade",
        "type": "github"
      },
      "original": {
        "owner": "numtide",
        "repo": "flake-utils",
        "type": "github"
      }
    },
    "utils_2": {
      "inputs": {
        "flake-utils": "flake-utils_2"
      },
      "locked": {
        "lastModified": 1647259887,
        "narHash": "sha256-yEkMbEHVO9qydluQ3uHGWX1PkfZhgDKxnd1rhZYZ72w=",
        "owner": "gytis-ivaskevicius",
        "repo": "flake-utils-plus",
        "rev": "06dba5f3b4fa2cc0bfc98ce9cd6f9a4d8db11d46",
        "type": "github"
      },
      "original": {
        "owner": "gytis-ivaskevicius",
        "repo": "flake-utils-plus",
        "type": "github"
      }
    }
  },
  "root": "root",
  "version": 7
}
