{
  "nodes": {
    "agenix": {
      "inputs": {
        "nixpkgs": [
          "nixpkgs"
        ]
      },
      "locked": {
        "lastModified": 1631896269,
        "narHash": "sha256-DAyCxJ8JacayOzGgGSfzrn7ghtsfL/EsCyk1NEUaAR8=",
        "owner": "ryantm",
        "repo": "agenix",
        "rev": "daf1d773989ac5d949aeef03fce0fe27e583dbca",
        "type": "github"
      },
      "original": {
        "owner": "ryantm",
        "repo": "agenix",
        "type": "github"
      }
    },
    "deploy-rs": {
      "inputs": {
        "flake-compat": "flake-compat",
        "nixpkgs": [
          "nixpkgs"
        ],
        "utils": "utils"
      },
      "locked": {
        "lastModified": 1632822684,
        "narHash": "sha256-lt7eayYmgsD5OQwpb1XYfHpxttn43bWo7G7hIJs+zJw=",
        "owner": "serokell",
        "repo": "deploy-rs",
        "rev": "9a02de4373e0ec272d08a417b269a28ac8b961b4",
        "type": "github"
      },
      "original": {
        "owner": "serokell",
        "repo": "deploy-rs",
        "type": "github"
      }
    },
    "fish-plugin-git": {
      "flake": false,
      "locked": {
        "lastModified": 1630334587,
        "narHash": "sha256-jodMn2KfSnO6xUgOvMHYXU4PUAEUS5skVuNcBJQYzyU=",
        "owner": "jhillyerd",
        "repo": "plugin-git",
        "rev": "bc6caff38fdcac309fddac6651c13cd217d5a382",
        "type": "github"
      },
      "original": {
        "owner": "jhillyerd",
        "repo": "plugin-git",
        "type": "github"
      }
    },
    "fish-prompt-pvsr": {
      "flake": false,
      "locked": {
        "lastModified": 1628976020,
        "narHash": "sha256-zlSeEXQf9AtsCCgzoWLhjY/5L502ZA0XaHQAx2kSvog=",
        "owner": "pvsr",
        "repo": "fish-prompt-pvsr",
        "rev": "dc2cbfc51ca435473e83270f4194d8c59fab9f88",
        "type": "github"
      },
      "original": {
        "owner": "pvsr",
        "repo": "fish-prompt-pvsr",
        "type": "github"
      }
    },
    "fish-z": {
      "flake": false,
      "locked": {
        "lastModified": 1626157139,
        "narHash": "sha256-pWkEhjbcxXduyKz1mAFo90IuQdX7R8bLCQgb0R+hXs4=",
        "owner": "jethrokuan",
        "repo": "z",
        "rev": "45a9ff6d0932b0e9835cbeb60b9794ba706eef10",
        "type": "github"
      },
      "original": {
        "owner": "jethrokuan",
        "repo": "z",
        "type": "github"
      }
    },
    "flake-compat": {
      "flake": false,
      "locked": {
        "lastModified": 1627913399,
        "narHash": "sha256-hY8g6H2KFL8ownSiFeMOjwPC8P0ueXpCVEbxgda3pko=",
        "owner": "edolstra",
        "repo": "flake-compat",
        "rev": "12c64ca55c1014cdc1b16ed5a804aa8576601ff2",
        "type": "github"
      },
      "original": {
        "owner": "edolstra",
        "repo": "flake-compat",
        "type": "github"
      }
    },
    "flake-utils": {
      "locked": {
        "lastModified": 1631561581,
        "narHash": "sha256-3VQMV5zvxaVLvqqUrNz3iJelLw30mIVSfZmAaauM3dA=",
        "owner": "numtide",
        "repo": "flake-utils",
        "rev": "7e5bf3925f6fbdfaf50a2a7ca0be2879c4261d19",
        "type": "github"
      },
      "original": {
        "owner": "numtide",
        "repo": "flake-utils",
        "type": "github"
      }
    },
    "flake-utils_2": {
      "locked": {
        "lastModified": 1629481132,
        "narHash": "sha256-JHgasjPR0/J1J3DRm4KxM4zTyAj4IOJY8vIl75v/kPI=",
        "owner": "numtide",
        "repo": "flake-utils",
        "rev": "997f7efcb746a9c140ce1f13c72263189225f482",
        "type": "github"
      },
      "original": {
        "owner": "numtide",
        "repo": "flake-utils",
        "type": "github"
      }
    },
    "fzf-fish": {
      "flake": false,
      "locked": {
        "lastModified": 1629570536,
        "narHash": "sha256-qQ+mQQsPH9WvdgmLVoY6w+pYUyk062BKPxvKbr93rZo=",
        "owner": "PatrickF1",
        "repo": "fzf.fish",
        "rev": "176c8465b0fad2d5c30aacafff6eb5accb7e3826",
        "type": "github"
      },
      "original": {
        "owner": "PatrickF1",
        "repo": "fzf.fish",
        "type": "github"
      }
    },
    "home-manager": {
      "inputs": {
        "nixpkgs": [
          "nixpkgs"
        ]
      },
      "locked": {
        "lastModified": 1631573611,
        "narHash": "sha256-u2E/wstadWNcn6vOIoK1xY86QPOzzBZQfT1FbePfdaI=",
        "owner": "nix-community",
        "repo": "home-manager",
        "rev": "7d9ba15214004c979d2c8733f8be12ce6502cf8a",
        "type": "github"
      },
      "original": {
        "owner": "nix-community",
        "ref": "release-21.05",
        "repo": "home-manager",
        "type": "github"
      }
    },
    "nixos-hardware": {
      "locked": {
        "lastModified": 1632990363,
        "narHash": "sha256-SNqz+9Vt4yDHqw8u/CMFdzMQTulKoMlVGJdshfcb5O0=",
        "owner": "nixos",
        "repo": "nixos-hardware",
        "rev": "0a8b8054c9920368a3c15e6d766188fdf04b736f",
        "type": "github"
      },
      "original": {
        "owner": "nixos",
        "repo": "nixos-hardware",
        "type": "github"
      }
    },
    "nixpkgs": {
      "locked": {
        "lastModified": 1633176478,
        "narHash": "sha256-D6HDiWHo8V6Iq7cUZ4ZoPyVL7hImR+XcOvNVI3CEl3k=",
        "owner": "nixos",
        "repo": "nixpkgs",
        "rev": "520179f2208a8ed8bb5efa0e8f37d584645aac1f",
        "type": "github"
      },
      "original": {
        "owner": "nixos",
        "ref": "release-21.05",
        "repo": "nixpkgs",
        "type": "github"
      }
    },
    "nvim-colorizer": {
      "flake": false,
      "locked": {
        "lastModified": 1591879145,
        "narHash": "sha256-6YrnItxExL2C8pNIdLd+hXCjsB2MbZANwWkah6dreD8=",
        "owner": "norcalli",
        "repo": "nvim-colorizer.lua",
        "rev": "36c610a9717cc9ec426a07c8e6bf3b3abcb139d6",
        "type": "github"
      },
      "original": {
        "owner": "norcalli",
        "repo": "nvim-colorizer.lua",
        "type": "github"
      }
    },
    "qbpm": {
      "inputs": {
        "flake-utils": "flake-utils",
        "nixpkgs": [
          "nixpkgs"
        ]
      },
      "locked": {
        "lastModified": 1632684784,
        "narHash": "sha256-s7sF2JPIce821LxQhsf7PmXEJwmLctGCjxC4sQWwb9A=",
        "owner": "pvsr",
        "repo": "qbpm",
        "rev": "8b6b26a0bc2aeb7b75c9b8a6281fbe31bf8afc34",
        "type": "github"
      },
      "original": {
        "owner": "pvsr",
        "repo": "qbpm",
        "type": "github"
      }
    },
    "root": {
      "inputs": {
        "agenix": "agenix",
        "deploy-rs": "deploy-rs",
        "fish-plugin-git": "fish-plugin-git",
        "fish-prompt-pvsr": "fish-prompt-pvsr",
        "fish-z": "fish-z",
        "fzf-fish": "fzf-fish",
        "home-manager": "home-manager",
        "nixos-hardware": "nixos-hardware",
        "nixpkgs": "nixpkgs",
        "nvim-colorizer": "nvim-colorizer",
        "qbpm": "qbpm",
        "srcery-tmux": "srcery-tmux",
        "unstable": "unstable",
        "utils": "utils_2"
      }
    },
    "srcery-tmux": {
      "flake": false,
      "locked": {
        "lastModified": 1601134224,
        "narHash": "sha256-1umBoB8pv/N6QZlS7uQedTwuCWab/JGKHcEyNrPpPEE=",
        "owner": "srcery-colors",
        "repo": "srcery-tmux",
        "rev": "531b4f9a260826b0a99ebd038a0d275ad0275e64",
        "type": "github"
      },
      "original": {
        "owner": "srcery-colors",
        "repo": "srcery-tmux",
        "type": "github"
      }
    },
    "unstable": {
      "locked": {
        "lastModified": 1633080050,
        "narHash": "sha256-T9I2WnlUzAIL70dk9V1jqaYk3nypy/cMkWR19S47ZHc=",
        "owner": "nixos",
        "repo": "nixpkgs",
        "rev": "82155ff501c7622cb2336646bb62f7624261f6d7",
        "type": "github"
      },
      "original": {
        "owner": "nixos",
        "ref": "nixos-unstable",
        "repo": "nixpkgs",
        "type": "github"
      }
    },
    "utils": {
      "locked": {
        "lastModified": 1631561581,
        "narHash": "sha256-3VQMV5zvxaVLvqqUrNz3iJelLw30mIVSfZmAaauM3dA=",
        "owner": "numtide",
        "repo": "flake-utils",
        "rev": "7e5bf3925f6fbdfaf50a2a7ca0be2879c4261d19",
        "type": "github"
      },
      "original": {
        "owner": "numtide",
        "repo": "flake-utils",
        "type": "github"
      }
    },
    "utils_2": {
      "inputs": {
        "flake-utils": "flake-utils_2"
      },
      "locked": {
        "lastModified": 1632420560,
        "narHash": "sha256-8Tsa4Hp/CHCA6J8/E7EODhp75z5N1NBhFiOb3lBv/tI=",
        "owner": "gytis-ivaskevicius",
        "repo": "flake-utils-plus",
        "rev": "4b1bcafcfcd78bd36ceabfe3872822ba5c7fcbe8",
        "type": "github"
      },
      "original": {
        "owner": "gytis-ivaskevicius",
        "repo": "flake-utils-plus",
        "type": "github"
      }
    }
  },
  "root": "root",
  "version": 7
}
